// !$*UTF8*$!
{
	archiveVersion = 1;
	classes = {
	};
	objectVersion = 46;
	objects = {

/* Begin PBXBuildFile section */
		09AB93741F3C81E900AF1D85 /* DoneVC.swift in Sources */ = {isa = PBXBuildFile; fileRef = 09AB93731F3C81E900AF1D85 /* DoneVC.swift */; };
		09FA3CA81F3C68F40059B3B3 /* AppDelegate.swift in Sources */ = {isa = PBXBuildFile; fileRef = 09FA3CA71F3C68F40059B3B3 /* AppDelegate.swift */; };
		09FA3CAA1F3C68F40059B3B3 /* ViewController.swift in Sources */ = {isa = PBXBuildFile; fileRef = 09FA3CA91F3C68F40059B3B3 /* ViewController.swift */; };
		09FA3CAD1F3C68F40059B3B3 /* Main.storyboard in Resources */ = {isa = PBXBuildFile; fileRef = 09FA3CAB1F3C68F40059B3B3 /* Main.storyboard */; };
		09FA3CAF1F3C68F40059B3B3 /* Assets.xcassets in Resources */ = {isa = PBXBuildFile; fileRef = 09FA3CAE1F3C68F40059B3B3 /* Assets.xcassets */; };
		09FA3CB21F3C68F40059B3B3 /* LaunchScreen.storyboard in Resources */ = {isa = PBXBuildFile; fileRef = 09FA3CB01F3C68F40059B3B3 /* LaunchScreen.storyboard */; };
		09FA3CBD1F3C68F40059B3B3 /* UIStripeCustomPayoutFlowTests.swift in Sources */ = {isa = PBXBuildFile; fileRef = 09FA3CBC1F3C68F40059B3B3 /* UIStripeCustomPayoutFlowTests.swift */; };
		09FA3CC81F3C68F40059B3B3 /* UIStripeCustomPayoutFlowUITests.swift in Sources */ = {isa = PBXBuildFile; fileRef = 09FA3CC71F3C68F40059B3B3 /* UIStripeCustomPayoutFlowUITests.swift */; };
		09FA3CE31F3C69350059B3B3 /* UIStripeCustomPayoutSetup.framework in Frameworks */ = {isa = PBXBuildFile; fileRef = 09FA3CDA1F3C69350059B3B3 /* UIStripeCustomPayoutSetup.framework */; };
		09FA3CEA1F3C69350059B3B3 /* UIStripeCustomPayoutSetupTests.swift in Sources */ = {isa = PBXBuildFile; fileRef = 09FA3CE91F3C69350059B3B3 /* UIStripeCustomPayoutSetupTests.swift */; };
		09FA3CEC1F3C69350059B3B3 /* UIStripeCustomPayoutSetup.h in Headers */ = {isa = PBXBuildFile; fileRef = 09FA3CDC1F3C69350059B3B3 /* UIStripeCustomPayoutSetup.h */; settings = {ATTRIBUTES = (Public, ); }; };
		09FA3CEF1F3C69350059B3B3 /* UIStripeCustomPayoutSetup.framework in Frameworks */ = {isa = PBXBuildFile; fileRef = 09FA3CDA1F3C69350059B3B3 /* UIStripeCustomPayoutSetup.framework */; };
		09FA3CF01F3C69350059B3B3 /* UIStripeCustomPayoutSetup.framework in Embed Frameworks */ = {isa = PBXBuildFile; fileRef = 09FA3CDA1F3C69350059B3B3 /* UIStripeCustomPayoutSetup.framework */; settings = {ATTRIBUTES = (CodeSignOnCopy, RemoveHeadersOnCopy, ); }; };
		09FA3CFA1F3C6B6F0059B3B3 /* Address.swift in Sources */ = {isa = PBXBuildFile; fileRef = 09FA3CF91F3C6B6F0059B3B3 /* Address.swift */; };
		09FA3CFC1F3C6B7D0059B3B3 /* Representative.swift in Sources */ = {isa = PBXBuildFile; fileRef = 09FA3CFB1F3C6B7D0059B3B3 /* Representative.swift */; };
		09FA3CFE1F3C6B890059B3B3 /* BankAccount.swift in Sources */ = {isa = PBXBuildFile; fileRef = 09FA3CFD1F3C6B890059B3B3 /* BankAccount.swift */; };
		09FA3D001F3C6B950059B3B3 /* Company.swift in Sources */ = {isa = PBXBuildFile; fileRef = 09FA3CFF1F3C6B950059B3B3 /* Company.swift */; };
		09FA3D041F3C6ED70059B3B3 /* MaterialCard.swift in Sources */ = {isa = PBXBuildFile; fileRef = 09FA3D031F3C6ED70059B3B3 /* MaterialCard.swift */; };
		09FA3D061F3C6FC10059B3B3 /* UIStripeCustomPayoutSetup.swift in Sources */ = {isa = PBXBuildFile; fileRef = 09FA3D051F3C6FC10059B3B3 /* UIStripeCustomPayoutSetup.swift */; };
		09FA3D0D1F3C73E50059B3B3 /* WelcomeVC.storyboard in Resources */ = {isa = PBXBuildFile; fileRef = 09FA3D0C1F3C73E50059B3B3 /* WelcomeVC.storyboard */; };
		09FA3D101F3C740A0059B3B3 /* TermsAndConditionsVC.storyboard in Resources */ = {isa = PBXBuildFile; fileRef = 09FA3D0F1F3C740A0059B3B3 /* TermsAndConditionsVC.storyboard */; };
		09FA3D121F3C74220059B3B3 /* CompanyInformationVC.storyboard in Resources */ = {isa = PBXBuildFile; fileRef = 09FA3D111F3C74220059B3B3 /* CompanyInformationVC.storyboard */; };
		09FA3D141F3C74370059B3B3 /* PayoutInformationVC.storyboard in Resources */ = {isa = PBXBuildFile; fileRef = 09FA3D131F3C74370059B3B3 /* PayoutInformationVC.storyboard */; };
		09FA3D161F3C74490059B3B3 /* DoneVC.storyboard in Resources */ = {isa = PBXBuildFile; fileRef = 09FA3D151F3C74490059B3B3 /* DoneVC.storyboard */; };
		09FA3D181F3C74570059B3B3 /* WelcomeVC.swift in Sources */ = {isa = PBXBuildFile; fileRef = 09FA3D171F3C74570059B3B3 /* WelcomeVC.swift */; };
		09FA3D1A1F3C746C0059B3B3 /* TermsAndConditionsVC.swift in Sources */ = {isa = PBXBuildFile; fileRef = 09FA3D191F3C746C0059B3B3 /* TermsAndConditionsVC.swift */; };
		09FA3D1C1F3C74790059B3B3 /* CompanyInformationVC.swift in Sources */ = {isa = PBXBuildFile; fileRef = 09FA3D1B1F3C74790059B3B3 /* CompanyInformationVC.swift */; };
		09FA3D1E1F3C74850059B3B3 /* PayoutInformationVC.swift in Sources */ = {isa = PBXBuildFile; fileRef = 09FA3D1D1F3C74850059B3B3 /* PayoutInformationVC.swift */; };
		09FA3D221F3C74B90059B3B3 /* ZFRippleButton.swift in Sources */ = {isa = PBXBuildFile; fileRef = 09FA3D211F3C74B90059B3B3 /* ZFRippleButton.swift */; };
/* End PBXBuildFile section */

/* Begin PBXContainerItemProxy section */
		09FA3CB91F3C68F40059B3B3 /* PBXContainerItemProxy */ = {
			isa = PBXContainerItemProxy;
			containerPortal = 09FA3C9C1F3C68F40059B3B3 /* Project object */;
			proxyType = 1;
			remoteGlobalIDString = 09FA3CA31F3C68F40059B3B3;
			remoteInfo = UIStripeCustomPayoutFlow;
		};
		09FA3CC41F3C68F40059B3B3 /* PBXContainerItemProxy */ = {
			isa = PBXContainerItemProxy;
			containerPortal = 09FA3C9C1F3C68F40059B3B3 /* Project object */;
			proxyType = 1;
			remoteGlobalIDString = 09FA3CA31F3C68F40059B3B3;
			remoteInfo = UIStripeCustomPayoutFlow;
		};
		09FA3CE41F3C69350059B3B3 /* PBXContainerItemProxy */ = {
			isa = PBXContainerItemProxy;
			containerPortal = 09FA3C9C1F3C68F40059B3B3 /* Project object */;
			proxyType = 1;
			remoteGlobalIDString = 09FA3CD91F3C69350059B3B3;
			remoteInfo = UIStripeCustomPayoutSetup;
		};
		09FA3CE61F3C69350059B3B3 /* PBXContainerItemProxy */ = {
			isa = PBXContainerItemProxy;
			containerPortal = 09FA3C9C1F3C68F40059B3B3 /* Project object */;
			proxyType = 1;
			remoteGlobalIDString = 09FA3CA31F3C68F40059B3B3;
			remoteInfo = UIStripeCustomPayoutFlow;
		};
		09FA3CED1F3C69350059B3B3 /* PBXContainerItemProxy */ = {
			isa = PBXContainerItemProxy;
			containerPortal = 09FA3C9C1F3C68F40059B3B3 /* Project object */;
			proxyType = 1;
			remoteGlobalIDString = 09FA3CD91F3C69350059B3B3;
			remoteInfo = UIStripeCustomPayoutSetup;
		};
/* End PBXContainerItemProxy section */

/* Begin PBXCopyFilesBuildPhase section */
		09FA3CF41F3C69350059B3B3 /* Embed Frameworks */ = {
			isa = PBXCopyFilesBuildPhase;
			buildActionMask = 2147483647;
			dstPath = "";
			dstSubfolderSpec = 10;
			files = (
				09FA3CF01F3C69350059B3B3 /* UIStripeCustomPayoutSetup.framework in Embed Frameworks */,
			);
			name = "Embed Frameworks";
			runOnlyForDeploymentPostprocessing = 0;
		};
/* End PBXCopyFilesBuildPhase section */

/* Begin PBXFileReference section */
		09AB93731F3C81E900AF1D85 /* DoneVC.swift */ = {isa = PBXFileReference; fileEncoding = 4; lastKnownFileType = sourcecode.swift; name = DoneVC.swift; path = Controllers/done/DoneVC.swift; sourceTree = "<group>"; };
		09FA3CA41F3C68F40059B3B3 /* UIStripeCustomPayoutFlow.app */ = {isa = PBXFileReference; explicitFileType = wrapper.application; includeInIndex = 0; path = UIStripeCustomPayoutFlow.app; sourceTree = BUILT_PRODUCTS_DIR; };
		09FA3CA71F3C68F40059B3B3 /* AppDelegate.swift */ = {isa = PBXFileReference; lastKnownFileType = sourcecode.swift; path = AppDelegate.swift; sourceTree = "<group>"; };
		09FA3CA91F3C68F40059B3B3 /* ViewController.swift */ = {isa = PBXFileReference; lastKnownFileType = sourcecode.swift; path = ViewController.swift; sourceTree = "<group>"; };
		09FA3CAC1F3C68F40059B3B3 /* Base */ = {isa = PBXFileReference; lastKnownFileType = file.storyboard; name = Base; path = Base.lproj/Main.storyboard; sourceTree = "<group>"; };
		09FA3CAE1F3C68F40059B3B3 /* Assets.xcassets */ = {isa = PBXFileReference; lastKnownFileType = folder.assetcatalog; path = Assets.xcassets; sourceTree = "<group>"; };
		09FA3CB11F3C68F40059B3B3 /* Base */ = {isa = PBXFileReference; lastKnownFileType = file.storyboard; name = Base; path = Base.lproj/LaunchScreen.storyboard; sourceTree = "<group>"; };
		09FA3CB31F3C68F40059B3B3 /* Info.plist */ = {isa = PBXFileReference; lastKnownFileType = text.plist.xml; path = Info.plist; sourceTree = "<group>"; };
		09FA3CB81F3C68F40059B3B3 /* UIStripeCustomPayoutFlowTests.xctest */ = {isa = PBXFileReference; explicitFileType = wrapper.cfbundle; includeInIndex = 0; path = UIStripeCustomPayoutFlowTests.xctest; sourceTree = BUILT_PRODUCTS_DIR; };
		09FA3CBC1F3C68F40059B3B3 /* UIStripeCustomPayoutFlowTests.swift */ = {isa = PBXFileReference; lastKnownFileType = sourcecode.swift; path = UIStripeCustomPayoutFlowTests.swift; sourceTree = "<group>"; };
		09FA3CBE1F3C68F40059B3B3 /* Info.plist */ = {isa = PBXFileReference; lastKnownFileType = text.plist.xml; path = Info.plist; sourceTree = "<group>"; };
		09FA3CC31F3C68F40059B3B3 /* UIStripeCustomPayoutFlowUITests.xctest */ = {isa = PBXFileReference; explicitFileType = wrapper.cfbundle; includeInIndex = 0; path = UIStripeCustomPayoutFlowUITests.xctest; sourceTree = BUILT_PRODUCTS_DIR; };
		09FA3CC71F3C68F40059B3B3 /* UIStripeCustomPayoutFlowUITests.swift */ = {isa = PBXFileReference; lastKnownFileType = sourcecode.swift; path = UIStripeCustomPayoutFlowUITests.swift; sourceTree = "<group>"; };
		09FA3CC91F3C68F40059B3B3 /* Info.plist */ = {isa = PBXFileReference; lastKnownFileType = text.plist.xml; path = Info.plist; sourceTree = "<group>"; };
		09FA3CDA1F3C69350059B3B3 /* UIStripeCustomPayoutSetup.framework */ = {isa = PBXFileReference; explicitFileType = wrapper.framework; includeInIndex = 0; path = UIStripeCustomPayoutSetup.framework; sourceTree = BUILT_PRODUCTS_DIR; };
		09FA3CDC1F3C69350059B3B3 /* UIStripeCustomPayoutSetup.h */ = {isa = PBXFileReference; lastKnownFileType = sourcecode.c.h; path = UIStripeCustomPayoutSetup.h; sourceTree = "<group>"; };
		09FA3CDD1F3C69350059B3B3 /* Info.plist */ = {isa = PBXFileReference; lastKnownFileType = text.plist.xml; path = Info.plist; sourceTree = "<group>"; };
		09FA3CE21F3C69350059B3B3 /* UIStripeCustomPayoutSetupTests.xctest */ = {isa = PBXFileReference; explicitFileType = wrapper.cfbundle; includeInIndex = 0; path = UIStripeCustomPayoutSetupTests.xctest; sourceTree = BUILT_PRODUCTS_DIR; };
		09FA3CE91F3C69350059B3B3 /* UIStripeCustomPayoutSetupTests.swift */ = {isa = PBXFileReference; lastKnownFileType = sourcecode.swift; path = UIStripeCustomPayoutSetupTests.swift; sourceTree = "<group>"; };
		09FA3CEB1F3C69350059B3B3 /* Info.plist */ = {isa = PBXFileReference; lastKnownFileType = text.plist.xml; path = Info.plist; sourceTree = "<group>"; };
		09FA3CF91F3C6B6F0059B3B3 /* Address.swift */ = {isa = PBXFileReference; fileEncoding = 4; lastKnownFileType = sourcecode.swift; name = Address.swift; path = Model/Address.swift; sourceTree = "<group>"; };
		09FA3CFB1F3C6B7D0059B3B3 /* Representative.swift */ = {isa = PBXFileReference; fileEncoding = 4; lastKnownFileType = sourcecode.swift; name = Representative.swift; path = Model/Representative.swift; sourceTree = "<group>"; };
		09FA3CFD1F3C6B890059B3B3 /* BankAccount.swift */ = {isa = PBXFileReference; fileEncoding = 4; lastKnownFileType = sourcecode.swift; name = BankAccount.swift; path = Model/BankAccount.swift; sourceTree = "<group>"; };
		09FA3CFF1F3C6B950059B3B3 /* Company.swift */ = {isa = PBXFileReference; fileEncoding = 4; lastKnownFileType = sourcecode.swift; name = Company.swift; path = Model/Company.swift; sourceTree = "<group>"; };
		09FA3D031F3C6ED70059B3B3 /* MaterialCard.swift */ = {isa = PBXFileReference; fileEncoding = 4; lastKnownFileType = sourcecode.swift; name = MaterialCard.swift; path = Views/MaterialCard.swift; sourceTree = "<group>"; };
		09FA3D051F3C6FC10059B3B3 /* UIStripeCustomPayoutSetup.swift */ = {isa = PBXFileReference; fileEncoding = 4; lastKnownFileType = sourcecode.swift; name = UIStripeCustomPayoutSetup.swift; path = Controllers/UIStripeCustomPayoutSetup.swift; sourceTree = "<group>"; };
		09FA3D0C1F3C73E50059B3B3 /* WelcomeVC.storyboard */ = {isa = PBXFileReference; fileEncoding = 4; lastKnownFileType = file.storyboard; name = WelcomeVC.storyboard; path = Controllers/welcome/WelcomeVC.storyboard; sourceTree = "<group>"; };
		09FA3D0F1F3C740A0059B3B3 /* TermsAndConditionsVC.storyboard */ = {isa = PBXFileReference; fileEncoding = 4; lastKnownFileType = file.storyboard; name = TermsAndConditionsVC.storyboard; path = Controllers/termsAndConditions/TermsAndConditionsVC.storyboard; sourceTree = "<group>"; };
		09FA3D111F3C74220059B3B3 /* CompanyInformationVC.storyboard */ = {isa = PBXFileReference; fileEncoding = 4; lastKnownFileType = file.storyboard; name = CompanyInformationVC.storyboard; path = Controllers/companyInformation/CompanyInformationVC.storyboard; sourceTree = "<group>"; };
		09FA3D131F3C74370059B3B3 /* PayoutInformationVC.storyboard */ = {isa = PBXFileReference; fileEncoding = 4; lastKnownFileType = file.storyboard; name = PayoutInformationVC.storyboard; path = Controllers/payoutInformation/PayoutInformationVC.storyboard; sourceTree = "<group>"; };
		09FA3D151F3C74490059B3B3 /* DoneVC.storyboard */ = {isa = PBXFileReference; fileEncoding = 4; lastKnownFileType = file.storyboard; name = DoneVC.storyboard; path = Controllers/done/DoneVC.storyboard; sourceTree = "<group>"; };
		09FA3D171F3C74570059B3B3 /* WelcomeVC.swift */ = {isa = PBXFileReference; fileEncoding = 4; lastKnownFileType = sourcecode.swift; name = WelcomeVC.swift; path = Controllers/welcome/WelcomeVC.swift; sourceTree = "<group>"; };
		09FA3D191F3C746C0059B3B3 /* TermsAndConditionsVC.swift */ = {isa = PBXFileReference; fileEncoding = 4; lastKnownFileType = sourcecode.swift; name = TermsAndConditionsVC.swift; path = Controllers/termsAndConditions/TermsAndConditionsVC.swift; sourceTree = "<group>"; };
		09FA3D1B1F3C74790059B3B3 /* CompanyInformationVC.swift */ = {isa = PBXFileReference; fileEncoding = 4; lastKnownFileType = sourcecode.swift; name = CompanyInformationVC.swift; path = Controllers/companyInformation/CompanyInformationVC.swift; sourceTree = "<group>"; };
		09FA3D1D1F3C74850059B3B3 /* PayoutInformationVC.swift */ = {isa = PBXFileReference; fileEncoding = 4; lastKnownFileType = sourcecode.swift; name = PayoutInformationVC.swift; path = Controllers/payoutInformation/PayoutInformationVC.swift; sourceTree = "<group>"; };
		09FA3D211F3C74B90059B3B3 /* ZFRippleButton.swift */ = {isa = PBXFileReference; fileEncoding = 4; lastKnownFileType = sourcecode.swift; name = ZFRippleButton.swift; path = Views/ZFRippleButton.swift; sourceTree = "<group>"; };
/* End PBXFileReference section */

/* Begin PBXFrameworksBuildPhase section */
		09FA3CA11F3C68F40059B3B3 /* Frameworks */ = {
			isa = PBXFrameworksBuildPhase;
			buildActionMask = 2147483647;
			files = (
				09FA3CEF1F3C69350059B3B3 /* UIStripeCustomPayoutSetup.framework in Frameworks */,
			);
			runOnlyForDeploymentPostprocessing = 0;
		};
		09FA3CB51F3C68F40059B3B3 /* Frameworks */ = {
			isa = PBXFrameworksBuildPhase;
			buildActionMask = 2147483647;
			files = (
			);
			runOnlyForDeploymentPostprocessing = 0;
		};
		09FA3CC01F3C68F40059B3B3 /* Frameworks */ = {
			isa = PBXFrameworksBuildPhase;
			buildActionMask = 2147483647;
			files = (
			);
			runOnlyForDeploymentPostprocessing = 0;
		};
		09FA3CD61F3C69350059B3B3 /* Frameworks */ = {
			isa = PBXFrameworksBuildPhase;
			buildActionMask = 2147483647;
			files = (
			);
			runOnlyForDeploymentPostprocessing = 0;
		};
		09FA3CDF1F3C69350059B3B3 /* Frameworks */ = {
			isa = PBXFrameworksBuildPhase;
			buildActionMask = 2147483647;
			files = (
				09FA3CE31F3C69350059B3B3 /* UIStripeCustomPayoutSetup.framework in Frameworks */,
			);
			runOnlyForDeploymentPostprocessing = 0;
		};
/* End PBXFrameworksBuildPhase section */

/* Begin PBXGroup section */
		09FA3C9B1F3C68F40059B3B3 = {
			isa = PBXGroup;
			children = (
				09FA3CA61F3C68F40059B3B3 /* UIStripeCustomPayoutFlow */,
				09FA3CBB1F3C68F40059B3B3 /* UIStripeCustomPayoutFlowTests */,
				09FA3CC61F3C68F40059B3B3 /* UIStripeCustomPayoutFlowUITests */,
				09FA3CDB1F3C69350059B3B3 /* UIStripeCustomPayoutSetup */,
				09FA3CE81F3C69350059B3B3 /* UIStripeCustomPayoutSetupTests */,
				09FA3CA51F3C68F40059B3B3 /* Products */,
			);
			sourceTree = "<group>";
		};
		09FA3CA51F3C68F40059B3B3 /* Products */ = {
			isa = PBXGroup;
			children = (
				09FA3CA41F3C68F40059B3B3 /* UIStripeCustomPayoutFlow.app */,
				09FA3CB81F3C68F40059B3B3 /* UIStripeCustomPayoutFlowTests.xctest */,
				09FA3CC31F3C68F40059B3B3 /* UIStripeCustomPayoutFlowUITests.xctest */,
				09FA3CDA1F3C69350059B3B3 /* UIStripeCustomPayoutSetup.framework */,
				09FA3CE21F3C69350059B3B3 /* UIStripeCustomPayoutSetupTests.xctest */,
			);
			name = Products;
			sourceTree = "<group>";
		};
		09FA3CA61F3C68F40059B3B3 /* UIStripeCustomPayoutFlow */ = {
			isa = PBXGroup;
			children = (
				09FA3CA71F3C68F40059B3B3 /* AppDelegate.swift */,
				09FA3CA91F3C68F40059B3B3 /* ViewController.swift */,
				09FA3CAB1F3C68F40059B3B3 /* Main.storyboard */,
				09FA3CAE1F3C68F40059B3B3 /* Assets.xcassets */,
				09FA3CB01F3C68F40059B3B3 /* LaunchScreen.storyboard */,
				09FA3CB31F3C68F40059B3B3 /* Info.plist */,
			);
			path = UIStripeCustomPayoutFlow;
			sourceTree = "<group>";
		};
		09FA3CBB1F3C68F40059B3B3 /* UIStripeCustomPayoutFlowTests */ = {
			isa = PBXGroup;
			children = (
				09FA3CBC1F3C68F40059B3B3 /* UIStripeCustomPayoutFlowTests.swift */,
				09FA3CBE1F3C68F40059B3B3 /* Info.plist */,
			);
			path = UIStripeCustomPayoutFlowTests;
			sourceTree = "<group>";
		};
		09FA3CC61F3C68F40059B3B3 /* UIStripeCustomPayoutFlowUITests */ = {
			isa = PBXGroup;
			children = (
				09FA3CC71F3C68F40059B3B3 /* UIStripeCustomPayoutFlowUITests.swift */,
				09FA3CC91F3C68F40059B3B3 /* Info.plist */,
			);
			path = UIStripeCustomPayoutFlowUITests;
			sourceTree = "<group>";
		};
		09FA3CDB1F3C69350059B3B3 /* UIStripeCustomPayoutSetup */ = {
			isa = PBXGroup;
			children = (
				09FA3CDD1F3C69350059B3B3 /* Info.plist */,
				09FA3CDC1F3C69350059B3B3 /* UIStripeCustomPayoutSetup.h */,
				09FA3CF81F3C6B590059B3B3 /* Model */,
				09FA3D011F3C6EAF0059B3B3 /* Views */,
				09FA3D021F3C6EB90059B3B3 /* Controllers */,
			);
			path = UIStripeCustomPayoutSetup;
			sourceTree = "<group>";
		};
		09FA3CE81F3C69350059B3B3 /* UIStripeCustomPayoutSetupTests */ = {
			isa = PBXGroup;
			children = (
				09FA3CE91F3C69350059B3B3 /* UIStripeCustomPayoutSetupTests.swift */,
				09FA3CEB1F3C69350059B3B3 /* Info.plist */,
			);
			path = UIStripeCustomPayoutSetupTests;
			sourceTree = "<group>";
		};
		09FA3CF81F3C6B590059B3B3 /* Model */ = {
			isa = PBXGroup;
			children = (
				09FA3CF91F3C6B6F0059B3B3 /* Address.swift */,
				09FA3CFB1F3C6B7D0059B3B3 /* Representative.swift */,
				09FA3CFD1F3C6B890059B3B3 /* BankAccount.swift */,
				09FA3CFF1F3C6B950059B3B3 /* Company.swift */,
			);
			name = Model;
			sourceTree = "<group>";
		};
		09FA3D011F3C6EAF0059B3B3 /* Views */ = {
			isa = PBXGroup;
			children = (
				09FA3D031F3C6ED70059B3B3 /* MaterialCard.swift */,
				09FA3D211F3C74B90059B3B3 /* ZFRippleButton.swift */,
			);
			name = Views;
			sourceTree = "<group>";
		};
		09FA3D021F3C6EB90059B3B3 /* Controllers */ = {
			isa = PBXGroup;
			children = (
				09FA3D051F3C6FC10059B3B3 /* UIStripeCustomPayoutSetup.swift */,
				09FA3D071F3C738C0059B3B3 /* welcome */,
				09FA3D0B1F3C739E0059B3B3 /* terms and conditions */,
				09FA3D0A1F3C73990059B3B3 /* company information */,
				09FA3D091F3C73950059B3B3 /* payout information */,
				09FA3D081F3C73940059B3B3 /* done */,
			);
			name = Controllers;
			sourceTree = "<group>";
		};
		09FA3D071F3C738C0059B3B3 /* welcome */ = {
			isa = PBXGroup;
			children = (
				09FA3D0C1F3C73E50059B3B3 /* WelcomeVC.storyboard */,
				09FA3D171F3C74570059B3B3 /* WelcomeVC.swift */,
			);
			name = welcome;
			sourceTree = "<group>";
		};
		09FA3D081F3C73940059B3B3 /* done */ = {
			isa = PBXGroup;
			children = (
				09FA3D151F3C74490059B3B3 /* DoneVC.storyboard */,
				09AB93731F3C81E900AF1D85 /* DoneVC.swift */,
			);
			name = done;
			sourceTree = "<group>";
		};
		09FA3D091F3C73950059B3B3 /* payout information */ = {
			isa = PBXGroup;
			children = (
				09FA3D131F3C74370059B3B3 /* PayoutInformationVC.storyboard */,
				09FA3D1D1F3C74850059B3B3 /* PayoutInformationVC.swift */,
			);
			name = "payout information";
			sourceTree = "<group>";
		};
		09FA3D0A1F3C73990059B3B3 /* company information */ = {
			isa = PBXGroup;
			children = (
				09FA3D111F3C74220059B3B3 /* CompanyInformationVC.storyboard */,
				09FA3D1B1F3C74790059B3B3 /* CompanyInformationVC.swift */,
			);
			name = "company information";
			sourceTree = "<group>";
		};
		09FA3D0B1F3C739E0059B3B3 /* terms and conditions */ = {
			isa = PBXGroup;
			children = (
				09FA3D0F1F3C740A0059B3B3 /* TermsAndConditionsVC.storyboard */,
				09FA3D191F3C746C0059B3B3 /* TermsAndConditionsVC.swift */,
			);
			name = "terms and conditions";
			sourceTree = "<group>";
		};
/* End PBXGroup section */

/* Begin PBXHeadersBuildPhase section */
		09FA3CD71F3C69350059B3B3 /* Headers */ = {
			isa = PBXHeadersBuildPhase;
			buildActionMask = 2147483647;
			files = (
				09FA3CEC1F3C69350059B3B3 /* UIStripeCustomPayoutSetup.h in Headers */,
			);
			runOnlyForDeploymentPostprocessing = 0;
		};
/* End PBXHeadersBuildPhase section */

/* Begin PBXNativeTarget section */
		09FA3CA31F3C68F40059B3B3 /* UIStripeCustomPayoutFlow */ = {
			isa = PBXNativeTarget;
			buildConfigurationList = 09FA3CCC1F3C68F40059B3B3 /* Build configuration list for PBXNativeTarget "UIStripeCustomPayoutFlow" */;
			buildPhases = (
				09FA3CA01F3C68F40059B3B3 /* Sources */,
				09FA3CA11F3C68F40059B3B3 /* Frameworks */,
				09FA3CA21F3C68F40059B3B3 /* Resources */,
				09FA3CF41F3C69350059B3B3 /* Embed Frameworks */,
			);
			buildRules = (
			);
			dependencies = (
				09FA3CEE1F3C69350059B3B3 /* PBXTargetDependency */,
			);
			name = UIStripeCustomPayoutFlow;
			productName = UIStripeCustomPayoutFlow;
			productReference = 09FA3CA41F3C68F40059B3B3 /* UIStripeCustomPayoutFlow.app */;
			productType = "com.apple.product-type.application";
		};
		09FA3CB71F3C68F40059B3B3 /* UIStripeCustomPayoutFlowTests */ = {
			isa = PBXNativeTarget;
			buildConfigurationList = 09FA3CCF1F3C68F40059B3B3 /* Build configuration list for PBXNativeTarget "UIStripeCustomPayoutFlowTests" */;
			buildPhases = (
				09FA3CB41F3C68F40059B3B3 /* Sources */,
				09FA3CB51F3C68F40059B3B3 /* Frameworks */,
				09FA3CB61F3C68F40059B3B3 /* Resources */,
			);
			buildRules = (
			);
			dependencies = (
				09FA3CBA1F3C68F40059B3B3 /* PBXTargetDependency */,
			);
			name = UIStripeCustomPayoutFlowTests;
			productName = UIStripeCustomPayoutFlowTests;
			productReference = 09FA3CB81F3C68F40059B3B3 /* UIStripeCustomPayoutFlowTests.xctest */;
			productType = "com.apple.product-type.bundle.unit-test";
		};
		09FA3CC21F3C68F40059B3B3 /* UIStripeCustomPayoutFlowUITests */ = {
			isa = PBXNativeTarget;
			buildConfigurationList = 09FA3CD21F3C68F40059B3B3 /* Build configuration list for PBXNativeTarget "UIStripeCustomPayoutFlowUITests" */;
			buildPhases = (
				09FA3CBF1F3C68F40059B3B3 /* Sources */,
				09FA3CC01F3C68F40059B3B3 /* Frameworks */,
				09FA3CC11F3C68F40059B3B3 /* Resources */,
			);
			buildRules = (
			);
			dependencies = (
				09FA3CC51F3C68F40059B3B3 /* PBXTargetDependency */,
			);
			name = UIStripeCustomPayoutFlowUITests;
			productName = UIStripeCustomPayoutFlowUITests;
			productReference = 09FA3CC31F3C68F40059B3B3 /* UIStripeCustomPayoutFlowUITests.xctest */;
			productType = "com.apple.product-type.bundle.ui-testing";
		};
		09FA3CD91F3C69350059B3B3 /* UIStripeCustomPayoutSetup */ = {
			isa = PBXNativeTarget;
			buildConfigurationList = 09FA3CF11F3C69350059B3B3 /* Build configuration list for PBXNativeTarget "UIStripeCustomPayoutSetup" */;
			buildPhases = (
				09FA3CD51F3C69350059B3B3 /* Sources */,
				09FA3CD61F3C69350059B3B3 /* Frameworks */,
				09FA3CD71F3C69350059B3B3 /* Headers */,
				09FA3CD81F3C69350059B3B3 /* Resources */,
			);
			buildRules = (
			);
			dependencies = (
			);
			name = UIStripeCustomPayoutSetup;
			productName = UIStripeCustomPayoutSetup;
			productReference = 09FA3CDA1F3C69350059B3B3 /* UIStripeCustomPayoutSetup.framework */;
			productType = "com.apple.product-type.framework";
		};
		09FA3CE11F3C69350059B3B3 /* UIStripeCustomPayoutSetupTests */ = {
			isa = PBXNativeTarget;
			buildConfigurationList = 09FA3CF51F3C69350059B3B3 /* Build configuration list for PBXNativeTarget "UIStripeCustomPayoutSetupTests" */;
			buildPhases = (
				09FA3CDE1F3C69350059B3B3 /* Sources */,
				09FA3CDF1F3C69350059B3B3 /* Frameworks */,
				09FA3CE01F3C69350059B3B3 /* Resources */,
			);
			buildRules = (
			);
			dependencies = (
				09FA3CE51F3C69350059B3B3 /* PBXTargetDependency */,
				09FA3CE71F3C69350059B3B3 /* PBXTargetDependency */,
			);
			name = UIStripeCustomPayoutSetupTests;
			productName = UIStripeCustomPayoutSetupTests;
			productReference = 09FA3CE21F3C69350059B3B3 /* UIStripeCustomPayoutSetupTests.xctest */;
			productType = "com.apple.product-type.bundle.unit-test";
		};
/* End PBXNativeTarget section */

/* Begin PBXProject section */
		09FA3C9C1F3C68F40059B3B3 /* Project object */ = {
			isa = PBXProject;
			attributes = {
				LastSwiftUpdateCheck = 0830;
				LastUpgradeCheck = 0830;
				ORGANIZATIONNAME = "Christian Kauten";
				TargetAttributes = {
					09FA3CA31F3C68F40059B3B3 = {
						CreatedOnToolsVersion = 8.3.3;
						DevelopmentTeam = YLBWSHF35Z;
						ProvisioningStyle = Automatic;
					};
					09FA3CB71F3C68F40059B3B3 = {
						CreatedOnToolsVersion = 8.3.3;
						DevelopmentTeam = YLBWSHF35Z;
						ProvisioningStyle = Automatic;
						TestTargetID = 09FA3CA31F3C68F40059B3B3;
					};
					09FA3CC21F3C68F40059B3B3 = {
						CreatedOnToolsVersion = 8.3.3;
						DevelopmentTeam = YLBWSHF35Z;
						ProvisioningStyle = Automatic;
						TestTargetID = 09FA3CA31F3C68F40059B3B3;
					};
					09FA3CD91F3C69350059B3B3 = {
						CreatedOnToolsVersion = 8.3.3;
						DevelopmentTeam = YLBWSHF35Z;
						LastSwiftMigration = 0830;
						ProvisioningStyle = Automatic;
					};
					09FA3CE11F3C69350059B3B3 = {
						CreatedOnToolsVersion = 8.3.3;
						DevelopmentTeam = YLBWSHF35Z;
						ProvisioningStyle = Automatic;
						TestTargetID = 09FA3CA31F3C68F40059B3B3;
					};
				};
			};
			buildConfigurationList = 09FA3C9F1F3C68F40059B3B3 /* Build configuration list for PBXProject "UIStripeCustomPayoutFlow" */;
			compatibilityVersion = "Xcode 3.2";
			developmentRegion = English;
			hasScannedForEncodings = 0;
			knownRegions = (
				en,
				Base,
			);
			mainGroup = 09FA3C9B1F3C68F40059B3B3;
			productRefGroup = 09FA3CA51F3C68F40059B3B3 /* Products */;
			projectDirPath = "";
			projectRoot = "";
			targets = (
				09FA3CA31F3C68F40059B3B3 /* UIStripeCustomPayoutFlow */,
				09FA3CB71F3C68F40059B3B3 /* UIStripeCustomPayoutFlowTests */,
				09FA3CC21F3C68F40059B3B3 /* UIStripeCustomPayoutFlowUITests */,
				09FA3CD91F3C69350059B3B3 /* UIStripeCustomPayoutSetup */,
				09FA3CE11F3C69350059B3B3 /* UIStripeCustomPayoutSetupTests */,
			);
		};
/* End PBXProject section */

/* Begin PBXResourcesBuildPhase section */
		09FA3CA21F3C68F40059B3B3 /* Resources */ = {
			isa = PBXResourcesBuildPhase;
			buildActionMask = 2147483647;
			files = (
				09FA3CB21F3C68F40059B3B3 /* LaunchScreen.storyboard in Resources */,
				09FA3CAF1F3C68F40059B3B3 /* Assets.xcassets in Resources */,
				09FA3CAD1F3C68F40059B3B3 /* Main.storyboard in Resources */,
			);
			runOnlyForDeploymentPostprocessing = 0;
		};
		09FA3CB61F3C68F40059B3B3 /* Resources */ = {
			isa = PBXResourcesBuildPhase;
			buildActionMask = 2147483647;
			files = (
			);
			runOnlyForDeploymentPostprocessing = 0;
		};
		09FA3CC11F3C68F40059B3B3 /* Resources */ = {
			isa = PBXResourcesBuildPhase;
			buildActionMask = 2147483647;
			files = (
			);
			runOnlyForDeploymentPostprocessing = 0;
		};
		09FA3CD81F3C69350059B3B3 /* Resources */ = {
			isa = PBXResourcesBuildPhase;
			buildActionMask = 2147483647;
			files = (
				09FA3D0D1F3C73E50059B3B3 /* WelcomeVC.storyboard in Resources */,
				09FA3D101F3C740A0059B3B3 /* TermsAndConditionsVC.storyboard in Resources */,
				09FA3D141F3C74370059B3B3 /* PayoutInformationVC.storyboard in Resources */,
				09FA3D161F3C74490059B3B3 /* DoneVC.storyboard in Resources */,
				09FA3D121F3C74220059B3B3 /* CompanyInformationVC.storyboard in Resources */,
			);
			runOnlyForDeploymentPostprocessing = 0;
		};
		09FA3CE01F3C69350059B3B3 /* Resources */ = {
			isa = PBXResourcesBuildPhase;
			buildActionMask = 2147483647;
			files = (
			);
			runOnlyForDeploymentPostprocessing = 0;
		};
/* End PBXResourcesBuildPhase section */

/* Begin PBXSourcesBuildPhase section */
		09FA3CA01F3C68F40059B3B3 /* Sources */ = {
			isa = PBXSourcesBuildPhase;
			buildActionMask = 2147483647;
			files = (
				09FA3CAA1F3C68F40059B3B3 /* ViewController.swift in Sources */,
				09FA3CA81F3C68F40059B3B3 /* AppDelegate.swift in Sources */,
			);
			runOnlyForDeploymentPostprocessing = 0;
		};
		09FA3CB41F3C68F40059B3B3 /* Sources */ = {
			isa = PBXSourcesBuildPhase;
			buildActionMask = 2147483647;
			files = (
				09FA3CBD1F3C68F40059B3B3 /* UIStripeCustomPayoutFlowTests.swift in Sources */,
			);
			runOnlyForDeploymentPostprocessing = 0;
		};
		09FA3CBF1F3C68F40059B3B3 /* Sources */ = {
			isa = PBXSourcesBuildPhase;
			buildActionMask = 2147483647;
			files = (
				09FA3CC81F3C68F40059B3B3 /* UIStripeCustomPayoutFlowUITests.swift in Sources */,
			);
			runOnlyForDeploymentPostprocessing = 0;
		};
		09FA3CD51F3C69350059B3B3 /* Sources */ = {
			isa = PBXSourcesBuildPhase;
			buildActionMask = 2147483647;
			files = (
				09FA3CFC1F3C6B7D0059B3B3 /* Representative.swift in Sources */,
				09FA3CFE1F3C6B890059B3B3 /* BankAccount.swift in Sources */,
				09FA3CFA1F3C6B6F0059B3B3 /* Address.swift in Sources */,
				09FA3D221F3C74B90059B3B3 /* ZFRippleButton.swift in Sources */,
				09FA3D1C1F3C74790059B3B3 /* CompanyInformationVC.swift in Sources */,
				09FA3D041F3C6ED70059B3B3 /* MaterialCard.swift in Sources */,
				09AB93741F3C81E900AF1D85 /* DoneVC.swift in Sources */,
				09FA3D001F3C6B950059B3B3 /* Company.swift in Sources */,
				09FA3D181F3C74570059B3B3 /* WelcomeVC.swift in Sources */,
				09FA3D1A1F3C746C0059B3B3 /* TermsAndConditionsVC.swift in Sources */,
				09FA3D061F3C6FC10059B3B3 /* UIStripeCustomPayoutSetup.swift in Sources */,
				09FA3D1E1F3C74850059B3B3 /* PayoutInformationVC.swift in Sources */,
			);
			runOnlyForDeploymentPostprocessing = 0;
		};
		09FA3CDE1F3C69350059B3B3 /* Sources */ = {
			isa = PBXSourcesBuildPhase;
			buildActionMask = 2147483647;
			files = (
				09FA3CEA1F3C69350059B3B3 /* UIStripeCustomPayoutSetupTests.swift in Sources */,
			);
			runOnlyForDeploymentPostprocessing = 0;
		};
/* End PBXSourcesBuildPhase section */

/* Begin PBXTargetDependency section */
		09FA3CBA1F3C68F40059B3B3 /* PBXTargetDependency */ = {
			isa = PBXTargetDependency;
			target = 09FA3CA31F3C68F40059B3B3 /* UIStripeCustomPayoutFlow */;
			targetProxy = 09FA3CB91F3C68F40059B3B3 /* PBXContainerItemProxy */;
		};
		09FA3CC51F3C68F40059B3B3 /* PBXTargetDependency */ = {
			isa = PBXTargetDependency;
			target = 09FA3CA31F3C68F40059B3B3 /* UIStripeCustomPayoutFlow */;
			targetProxy = 09FA3CC41F3C68F40059B3B3 /* PBXContainerItemProxy */;
		};
		09FA3CE51F3C69350059B3B3 /* PBXTargetDependency */ = {
			isa = PBXTargetDependency;
			target = 09FA3CD91F3C69350059B3B3 /* UIStripeCustomPayoutSetup */;
			targetProxy = 09FA3CE41F3C69350059B3B3 /* PBXContainerItemProxy */;
		};
		09FA3CE71F3C69350059B3B3 /* PBXTargetDependency */ = {
			isa = PBXTargetDependency;
			target = 09FA3CA31F3C68F40059B3B3 /* UIStripeCustomPayoutFlow */;
			targetProxy = 09FA3CE61F3C69350059B3B3 /* PBXContainerItemProxy */;
		};
		09FA3CEE1F3C69350059B3B3 /* PBXTargetDependency */ = {
			isa = PBXTargetDependency;
			target = 09FA3CD91F3C69350059B3B3 /* UIStripeCustomPayoutSetup */;
			targetProxy = 09FA3CED1F3C69350059B3B3 /* PBXContainerItemProxy */;
		};
/* End PBXTargetDependency section */

/* Begin PBXVariantGroup section */
		09FA3CAB1F3C68F40059B3B3 /* Main.storyboard */ = {
			isa = PBXVariantGroup;
			children = (
				09FA3CAC1F3C68F40059B3B3 /* Base */,
			);
			name = Main.storyboard;
			sourceTree = "<group>";
		};
		09FA3CB01F3C68F40059B3B3 /* LaunchScreen.storyboard */ = {
			isa = PBXVariantGroup;
			children = (
				09FA3CB11F3C68F40059B3B3 /* Base */,
			);
			name = LaunchScreen.storyboard;
			sourceTree = "<group>";
		};
/* End PBXVariantGroup section */

/* Begin XCBuildConfiguration section */
		09FA3CCA1F3C68F40059B3B3 /* Debug */ = {
			isa = XCBuildConfiguration;
			buildSettings = {
				ALWAYS_SEARCH_USER_PATHS = NO;
				CLANG_ANALYZER_NONNULL = YES;
				CLANG_ANALYZER_NUMBER_OBJECT_CONVERSION = YES_AGGRESSIVE;
				CLANG_CXX_LANGUAGE_STANDARD = "gnu++0x";
				CLANG_CXX_LIBRARY = "libc++";
				CLANG_ENABLE_MODULES = YES;
				CLANG_ENABLE_OBJC_ARC = YES;
				CLANG_WARN_BOOL_CONVERSION = YES;
				CLANG_WARN_CONSTANT_CONVERSION = YES;
				CLANG_WARN_DIRECT_OBJC_ISA_USAGE = YES_ERROR;
				CLANG_WARN_DOCUMENTATION_COMMENTS = YES;
				CLANG_WARN_EMPTY_BODY = YES;
				CLANG_WARN_ENUM_CONVERSION = YES;
				CLANG_WARN_INFINITE_RECURSION = YES;
				CLANG_WARN_INT_CONVERSION = YES;
				CLANG_WARN_OBJC_ROOT_CLASS = YES_ERROR;
				CLANG_WARN_SUSPICIOUS_MOVE = YES;
				CLANG_WARN_UNREACHABLE_CODE = YES;
				CLANG_WARN__DUPLICATE_METHOD_MATCH = YES;
				"CODE_SIGN_IDENTITY[sdk=iphoneos*]" = "iPhone Developer";
				COPY_PHASE_STRIP = NO;
				DEBUG_INFORMATION_FORMAT = dwarf;
				ENABLE_STRICT_OBJC_MSGSEND = YES;
				ENABLE_TESTABILITY = YES;
				GCC_C_LANGUAGE_STANDARD = gnu99;
				GCC_DYNAMIC_NO_PIC = NO;
				GCC_NO_COMMON_BLOCKS = YES;
				GCC_OPTIMIZATION_LEVEL = 0;
				GCC_PREPROCESSOR_DEFINITIONS = (
					"DEBUG=1",
					"$(inherited)",
				);
				GCC_WARN_64_TO_32_BIT_CONVERSION = YES;
				GCC_WARN_ABOUT_RETURN_TYPE = YES_ERROR;
				GCC_WARN_UNDECLARED_SELECTOR = YES;
				GCC_WARN_UNINITIALIZED_AUTOS = YES_AGGRESSIVE;
				GCC_WARN_UNUSED_FUNCTION = YES;
				GCC_WARN_UNUSED_VARIABLE = YES;
				IPHONEOS_DEPLOYMENT_TARGET = 10.3;
				MTL_ENABLE_DEBUG_INFO = YES;
				ONLY_ACTIVE_ARCH = YES;
				SDKROOT = iphoneos;
				SWIFT_ACTIVE_COMPILATION_CONDITIONS = DEBUG;
				SWIFT_OPTIMIZATION_LEVEL = "-Onone";
				TARGETED_DEVICE_FAMILY = "1,2";
			};
			name = Debug;
		};
		09FA3CCB1F3C68F40059B3B3 /* Release */ = {
			isa = XCBuildConfiguration;
			buildSettings = {
				ALWAYS_SEARCH_USER_PATHS = NO;
				CLANG_ANALYZER_NONNULL = YES;
				CLANG_ANALYZER_NUMBER_OBJECT_CONVERSION = YES_AGGRESSIVE;
				CLANG_CXX_LANGUAGE_STANDARD = "gnu++0x";
				CLANG_CXX_LIBRARY = "libc++";
				CLANG_ENABLE_MODULES = YES;
				CLANG_ENABLE_OBJC_ARC = YES;
				CLANG_WARN_BOOL_CONVERSION = YES;
				CLANG_WARN_CONSTANT_CONVERSION = YES;
				CLANG_WARN_DIRECT_OBJC_ISA_USAGE = YES_ERROR;
				CLANG_WARN_DOCUMENTATION_COMMENTS = YES;
				CLANG_WARN_EMPTY_BODY = YES;
				CLANG_WARN_ENUM_CONVERSION = YES;
				CLANG_WARN_INFINITE_RECURSION = YES;
				CLANG_WARN_INT_CONVERSION = YES;
				CLANG_WARN_OBJC_ROOT_CLASS = YES_ERROR;
				CLANG_WARN_SUSPICIOUS_MOVE = YES;
				CLANG_WARN_UNREACHABLE_CODE = YES;
				CLANG_WARN__DUPLICATE_METHOD_MATCH = YES;
				"CODE_SIGN_IDENTITY[sdk=iphoneos*]" = "iPhone Developer";
				COPY_PHASE_STRIP = NO;
				DEBUG_INFORMATION_FORMAT = "dwarf-with-dsym";
				ENABLE_NS_ASSERTIONS = NO;
				ENABLE_STRICT_OBJC_MSGSEND = YES;
				GCC_C_LANGUAGE_STANDARD = gnu99;
				GCC_NO_COMMON_BLOCKS = YES;
				GCC_WARN_64_TO_32_BIT_CONVERSION = YES;
				GCC_WARN_ABOUT_RETURN_TYPE = YES_ERROR;
				GCC_WARN_UNDECLARED_SELECTOR = YES;
				GCC_WARN_UNINITIALIZED_AUTOS = YES_AGGRESSIVE;
				GCC_WARN_UNUSED_FUNCTION = YES;
				GCC_WARN_UNUSED_VARIABLE = YES;
				IPHONEOS_DEPLOYMENT_TARGET = 10.3;
				MTL_ENABLE_DEBUG_INFO = NO;
				SDKROOT = iphoneos;
				SWIFT_OPTIMIZATION_LEVEL = "-Owholemodule";
				TARGETED_DEVICE_FAMILY = "1,2";
				VALIDATE_PRODUCT = YES;
			};
			name = Release;
		};
		09FA3CCD1F3C68F40059B3B3 /* Debug */ = {
			isa = XCBuildConfiguration;
			buildSettings = {
				ALWAYS_EMBED_SWIFT_STANDARD_LIBRARIES = YES;
				ASSETCATALOG_COMPILER_APPICON_NAME = AppIcon;
				DEVELOPMENT_TEAM = YLBWSHF35Z;
				INFOPLIST_FILE = UIStripeCustomPayoutFlow/Info.plist;
				LD_RUNPATH_SEARCH_PATHS = "$(inherited) @executable_path/Frameworks";
				PRODUCT_BUNDLE_IDENTIFIER = com.github.kautenja.UIStripeCustomPayoutFlow.UIStripeCustomPayoutFlow;
				PRODUCT_NAME = "$(TARGET_NAME)";
				SWIFT_VERSION = 3.0;
			};
			name = Debug;
		};
		09FA3CCE1F3C68F40059B3B3 /* Release */ = {
			isa = XCBuildConfiguration;
			buildSettings = {
				ALWAYS_EMBED_SWIFT_STANDARD_LIBRARIES = YES;
				ASSETCATALOG_COMPILER_APPICON_NAME = AppIcon;
				DEVELOPMENT_TEAM = YLBWSHF35Z;
				INFOPLIST_FILE = UIStripeCustomPayoutFlow/Info.plist;
				LD_RUNPATH_SEARCH_PATHS = "$(inherited) @executable_path/Frameworks";
				PRODUCT_BUNDLE_IDENTIFIER = com.github.kautenja.UIStripeCustomPayoutFlow.UIStripeCustomPayoutFlow;
				PRODUCT_NAME = "$(TARGET_NAME)";
				SWIFT_VERSION = 3.0;
			};
			name = Release;
		};
		09FA3CD01F3C68F40059B3B3 /* Debug */ = {
			isa = XCBuildConfiguration;
			buildSettings = {
				ALWAYS_EMBED_SWIFT_STANDARD_LIBRARIES = YES;
				BUNDLE_LOADER = "$(TEST_HOST)";
				DEVELOPMENT_TEAM = YLBWSHF35Z;
				INFOPLIST_FILE = UIStripeCustomPayoutFlowTests/Info.plist;
				LD_RUNPATH_SEARCH_PATHS = "$(inherited) @executable_path/Frameworks @loader_path/Frameworks";
				PRODUCT_BUNDLE_IDENTIFIER = com.github.kautenja.UIStripeCustomPayoutFlow.UIStripeCustomPayoutFlowTests;
				PRODUCT_NAME = "$(TARGET_NAME)";
				SWIFT_VERSION = 3.0;
				TEST_HOST = "$(BUILT_PRODUCTS_DIR)/UIStripeCustomPayoutFlow.app/UIStripeCustomPayoutFlow";
			};
			name = Debug;
		};
		09FA3CD11F3C68F40059B3B3 /* Release */ = {
			isa = XCBuildConfiguration;
			buildSettings = {
				ALWAYS_EMBED_SWIFT_STANDARD_LIBRARIES = YES;
				BUNDLE_LOADER = "$(TEST_HOST)";
				DEVELOPMENT_TEAM = YLBWSHF35Z;
				INFOPLIST_FILE = UIStripeCustomPayoutFlowTests/Info.plist;
				LD_RUNPATH_SEARCH_PATHS = "$(inherited) @executable_path/Frameworks @loader_path/Frameworks";
				PRODUCT_BUNDLE_IDENTIFIER = com.github.kautenja.UIStripeCustomPayoutFlow.UIStripeCustomPayoutFlowTests;
				PRODUCT_NAME = "$(TARGET_NAME)";
				SWIFT_VERSION = 3.0;
				TEST_HOST = "$(BUILT_PRODUCTS_DIR)/UIStripeCustomPayoutFlow.app/UIStripeCustomPayoutFlow";
			};
			name = Release;
		};
		09FA3CD31F3C68F40059B3B3 /* Debug */ = {
			isa = XCBuildConfiguration;
			buildSettings = {
				ALWAYS_EMBED_SWIFT_STANDARD_LIBRARIES = YES;
				DEVELOPMENT_TEAM = YLBWSHF35Z;
				INFOPLIST_FILE = UIStripeCustomPayoutFlowUITests/Info.plist;
				LD_RUNPATH_SEARCH_PATHS = "$(inherited) @executable_path/Frameworks @loader_path/Frameworks";
				PRODUCT_BUNDLE_IDENTIFIER = com.github.kautenja.UIStripeCustomPayoutFlow.UIStripeCustomPayoutFlowUITests;
				PRODUCT_NAME = "$(TARGET_NAME)";
				SWIFT_VERSION = 3.0;
				TEST_TARGET_NAME = UIStripeCustomPayoutFlow;
			};
			name = Debug;
		};
		09FA3CD41F3C68F40059B3B3 /* Release */ = {
			isa = XCBuildConfiguration;
			buildSettings = {
				ALWAYS_EMBED_SWIFT_STANDARD_LIBRARIES = YES;
				DEVELOPMENT_TEAM = YLBWSHF35Z;
				INFOPLIST_FILE = UIStripeCustomPayoutFlowUITests/Info.plist;
				LD_RUNPATH_SEARCH_PATHS = "$(inherited) @executable_path/Frameworks @loader_path/Frameworks";
				PRODUCT_BUNDLE_IDENTIFIER = com.github.kautenja.UIStripeCustomPayoutFlow.UIStripeCustomPayoutFlowUITests;
				PRODUCT_NAME = "$(TARGET_NAME)";
				SWIFT_VERSION = 3.0;
				TEST_TARGET_NAME = UIStripeCustomPayoutFlow;
			};
			name = Release;
		};
		09FA3CF21F3C69350059B3B3 /* Debug */ = {
			isa = XCBuildConfiguration;
			buildSettings = {
				CLANG_ENABLE_MODULES = YES;
				CODE_SIGN_IDENTITY = "";
				CURRENT_PROJECT_VERSION = 1;
				DEFINES_MODULE = YES;
				DEVELOPMENT_TEAM = YLBWSHF35Z;
				DYLIB_COMPATIBILITY_VERSION = 1;
				DYLIB_CURRENT_VERSION = 1;
				DYLIB_INSTALL_NAME_BASE = "@rpath";
				INFOPLIST_FILE = UIStripeCustomPayoutSetup/Info.plist;
				INSTALL_PATH = "$(LOCAL_LIBRARY_DIR)/Frameworks";
				LD_RUNPATH_SEARCH_PATHS = "$(inherited) @executable_path/Frameworks @loader_path/Frameworks";
				PRODUCT_BUNDLE_IDENTIFIER = com.github.kautenja.UIStripeCustomPayoutFlow.UIStripeCustomPayoutSetup;
				PRODUCT_NAME = "$(TARGET_NAME)";
				SKIP_INSTALL = YES;
				SWIFT_OPTIMIZATION_LEVEL = "-Onone";
				SWIFT_VERSION = 3.0;
				VERSIONING_SYSTEM = "apple-generic";
				VERSION_INFO_PREFIX = "";
			};
			name = Debug;
		};
		09FA3CF31F3C69350059B3B3 /* Release */ = {
			isa = XCBuildConfiguration;
			buildSettings = {
				CLANG_ENABLE_MODULES = YES;
				CODE_SIGN_IDENTITY = "";
				CURRENT_PROJECT_VERSION = 1;
				DEFINES_MODULE = YES;
				DEVELOPMENT_TEAM = YLBWSHF35Z;
				DYLIB_COMPATIBILITY_VERSION = 1;
				DYLIB_CURRENT_VERSION = 1;
				DYLIB_INSTALL_NAME_BASE = "@rpath";
				INFOPLIST_FILE = UIStripeCustomPayoutSetup/Info.plist;
				INSTALL_PATH = "$(LOCAL_LIBRARY_DIR)/Frameworks";
				LD_RUNPATH_SEARCH_PATHS = "$(inherited) @executable_path/Frameworks @loader_path/Frameworks";
				PRODUCT_BUNDLE_IDENTIFIER = com.github.kautenja.UIStripeCustomPayoutFlow.UIStripeCustomPayoutSetup;
				PRODUCT_NAME = "$(TARGET_NAME)";
				SKIP_INSTALL = YES;
				SWIFT_VERSION = 3.0;
				VERSIONING_SYSTEM = "apple-generic";
				VERSION_INFO_PREFIX = "";
			};
			name = Release;
		};
		09FA3CF61F3C69350059B3B3 /* Debug */ = {
			isa = XCBuildConfiguration;
			buildSettings = {
				ALWAYS_EMBED_SWIFT_STANDARD_LIBRARIES = YES;
				DEVELOPMENT_TEAM = YLBWSHF35Z;
				INFOPLIST_FILE = UIStripeCustomPayoutSetupTests/Info.plist;
				LD_RUNPATH_SEARCH_PATHS = "$(inherited) @executable_path/Frameworks @loader_path/Frameworks";
				PRODUCT_BUNDLE_IDENTIFIER = com.github.kautenja.UIStripeCustomPayoutFlow.UIStripeCustomPayoutSetupTests;
				PRODUCT_NAME = "$(TARGET_NAME)";
				SWIFT_VERSION = 3.0;
				TEST_HOST = "$(BUILT_PRODUCTS_DIR)/UIStripeCustomPayoutFlow.app/UIStripeCustomPayoutFlow";
			};
			name = Debug;
		};
		09FA3CF71F3C69350059B3B3 /* Release */ = {
			isa = XCBuildConfiguration;
			buildSettings = {
				ALWAYS_EMBED_SWIFT_STANDARD_LIBRARIES = YES;
				DEVELOPMENT_TEAM = YLBWSHF35Z;
				INFOPLIST_FILE = UIStripeCustomPayoutSetupTests/Info.plist;
				LD_RUNPATH_SEARCH_PATHS = "$(inherited) @executable_path/Frameworks @loader_path/Frameworks";
				PRODUCT_BUNDLE_IDENTIFIER = com.github.kautenja.UIStripeCustomPayoutFlow.UIStripeCustomPayoutSetupTests;
				PRODUCT_NAME = "$(TARGET_NAME)";
				SWIFT_VERSION = 3.0;
				TEST_HOST = "$(BUILT_PRODUCTS_DIR)/UIStripeCustomPayoutFlow.app/UIStripeCustomPayoutFlow";
			};
			name = Release;
		};
/* End XCBuildConfiguration section */

/* Begin XCConfigurationList section */
		09FA3C9F1F3C68F40059B3B3 /* Build configuration list for PBXProject "UIStripeCustomPayoutFlow" */ = {
			isa = XCConfigurationList;
			buildConfigurations = (
				09FA3CCA1F3C68F40059B3B3 /* Debug */,
				09FA3CCB1F3C68F40059B3B3 /* Release */,
			);
			defaultConfigurationIsVisible = 0;
			defaultConfigurationName = Release;
		};
		09FA3CCC1F3C68F40059B3B3 /* Build configuration list for PBXNativeTarget "UIStripeCustomPayoutFlow" */ = {
			isa = XCConfigurationList;
			buildConfigurations = (
				09FA3CCD1F3C68F40059B3B3 /* Debug */,
				09FA3CCE1F3C68F40059B3B3 /* Release */,
			);
			defaultConfigurationIsVisible = 0;
			defaultConfigurationName = Release;
		};
		09FA3CCF1F3C68F40059B3B3 /* Build configuration list for PBXNativeTarget "UIStripeCustomPayoutFlowTests" */ = {
			isa = XCConfigurationList;
			buildConfigurations = (
				09FA3CD01F3C68F40059B3B3 /* Debug */,
				09FA3CD11F3C68F40059B3B3 /* Release */,
			);
			defaultConfigurationIsVisible = 0;
			defaultConfigurationName = Release;
		};
		09FA3CD21F3C68F40059B3B3 /* Build configuration list for PBXNativeTarget "UIStripeCustomPayoutFlowUITests" */ = {
			isa = XCConfigurationList;
			buildConfigurations = (
				09FA3CD31F3C68F40059B3B3 /* Debug */,
				09FA3CD41F3C68F40059B3B3 /* Release */,
			);
			defaultConfigurationIsVisible = 0;
			defaultConfigurationName = Release;
		};
		09FA3CF11F3C69350059B3B3 /* Build configuration list for PBXNativeTarget "UIStripeCustomPayoutSetup" */ = {
			isa = XCConfigurationList;
			buildConfigurations = (
				09FA3CF21F3C69350059B3B3 /* Debug */,
				09FA3CF31F3C69350059B3B3 /* Release */,
			);
			defaultConfigurationIsVisible = 0;
			defaultConfigurationName = Release;
		};
		09FA3CF51F3C69350059B3B3 /* Build configuration list for PBXNativeTarget "UIStripeCustomPayoutSetupTests" */ = {
			isa = XCConfigurationList;
			buildConfigurations = (
				09FA3CF61F3C69350059B3B3 /* Debug */,
				09FA3CF71F3C69350059B3B3 /* Release */,
			);
			defaultConfigurationIsVisible = 0;
			defaultConfigurationName = Release;
		};
/* End XCConfigurationList section */
	};
	rootObject = 09FA3C9C1F3C68F40059B3B3 /* Project object */;
}
