// !$*UTF8*$!
{
	archiveVersion = 1;
	classes = {
	};
	objectVersion = 48;
	objects = {

/* Begin PBXBuildFile section */
		0936E7E71F23284600EFDD66 /* AnotherDummyView.swift in Sources */ = {isa = PBXBuildFile; fileRef = 0936E7E61F23284600EFDD66 /* AnotherDummyView.swift */; };
		0936E7E91F23285A00EFDD66 /* ArbitraryName.xib in Resources */ = {isa = PBXBuildFile; fileRef = 0936E7E81F23285A00EFDD66 /* ArbitraryName.xib */; };
		0936E7ED1F2328B100EFDD66 /* UIXibView.swift in Sources */ = {isa = PBXBuildFile; fileRef = 0936E7EC1F23289900EFDD66 /* UIXibView.swift */; };
		0936E7F11F23291300EFDD66 /* DummyView.swift in Sources */ = {isa = PBXBuildFile; fileRef = 0936E7F01F2328FA00EFDD66 /* DummyView.swift */; };
		0936E7F21F23291C00EFDD66 /* DummyView.xib in Resources */ = {isa = PBXBuildFile; fileRef = 0936E7EF1F2328F900EFDD66 /* DummyView.xib */; };
		099F6A801F19C94C00E2EEFF /* AppDelegate.swift in Sources */ = {isa = PBXBuildFile; fileRef = 099F6A7F1F19C94C00E2EEFF /* AppDelegate.swift */; };
		099F6A821F19C94C00E2EEFF /* ViewController.swift in Sources */ = {isa = PBXBuildFile; fileRef = 099F6A811F19C94C00E2EEFF /* ViewController.swift */; };
		099F6A851F19C94C00E2EEFF /* Main.storyboard in Resources */ = {isa = PBXBuildFile; fileRef = 099F6A831F19C94C00E2EEFF /* Main.storyboard */; };
		099F6A871F19C94C00E2EEFF /* Assets.xcassets in Resources */ = {isa = PBXBuildFile; fileRef = 099F6A861F19C94C00E2EEFF /* Assets.xcassets */; };
		099F6A8A1F19C94C00E2EEFF /* LaunchScreen.storyboard in Resources */ = {isa = PBXBuildFile; fileRef = 099F6A881F19C94C00E2EEFF /* LaunchScreen.storyboard */; };
		099F6AA21F19CA4200E2EEFF /* UIXibView.h in Headers */ = {isa = PBXBuildFile; fileRef = 099F6AA01F19CA4200E2EEFF /* UIXibView.h */; settings = {ATTRIBUTES = (Public, ); }; };
		099F6AA51F19CA4200E2EEFF /* UIXibView.framework in Frameworks */ = {isa = PBXBuildFile; fileRef = 099F6A9E1F19CA4200E2EEFF /* UIXibView.framework */; };
		099F6AA61F19CA4200E2EEFF /* UIXibView.framework in Embed Frameworks */ = {isa = PBXBuildFile; fileRef = 099F6A9E1F19CA4200E2EEFF /* UIXibView.framework */; settings = {ATTRIBUTES = (CodeSignOnCopy, RemoveHeadersOnCopy, ); }; };
		09C8CA2C1F19CF8C00E28FC6 /* UIKit.framework in Frameworks */ = {isa = PBXBuildFile; fileRef = 09C8CA2B1F19CF8500E28FC6 /* UIKit.framework */; };
/* End PBXBuildFile section */

/* Begin PBXContainerItemProxy section */
		099F6AA31F19CA4200E2EEFF /* PBXContainerItemProxy */ = {
			isa = PBXContainerItemProxy;
			containerPortal = 099F6A741F19C94C00E2EEFF /* Project object */;
			proxyType = 1;
			remoteGlobalIDString = 099F6A9D1F19CA4200E2EEFF;
			remoteInfo = UIXibView;
		};
/* End PBXContainerItemProxy section */

/* Begin PBXCopyFilesBuildPhase section */
		099F6AAA1F19CA4200E2EEFF /* Embed Frameworks */ = {
			isa = PBXCopyFilesBuildPhase;
			buildActionMask = 2147483647;
			dstPath = "";
			dstSubfolderSpec = 10;
			files = (
				099F6AA61F19CA4200E2EEFF /* UIXibView.framework in Embed Frameworks */,
			);
			name = "Embed Frameworks";
			runOnlyForDeploymentPostprocessing = 0;
		};
/* End PBXCopyFilesBuildPhase section */

/* Begin PBXFileReference section */
		0936E7E61F23284600EFDD66 /* AnotherDummyView.swift */ = {isa = PBXFileReference; lastKnownFileType = sourcecode.swift; path = AnotherDummyView.swift; sourceTree = "<group>"; };
		0936E7E81F23285A00EFDD66 /* ArbitraryName.xib */ = {isa = PBXFileReference; lastKnownFileType = file.xib; path = ArbitraryName.xib; sourceTree = "<group>"; };
		0936E7EC1F23289900EFDD66 /* UIXibView.swift */ = {isa = PBXFileReference; lastKnownFileType = sourcecode.swift; path = UIXibView.swift; sourceTree = "<group>"; };
		0936E7EF1F2328F900EFDD66 /* DummyView.xib */ = {isa = PBXFileReference; lastKnownFileType = file.xib; name = DummyView.xib; path = DummyView/DummyView.xib; sourceTree = "<group>"; };
		0936E7F01F2328FA00EFDD66 /* DummyView.swift */ = {isa = PBXFileReference; lastKnownFileType = sourcecode.swift; name = DummyView.swift; path = DummyView/DummyView.swift; sourceTree = "<group>"; };
		099C19EE1F19CCAF00DBA7EE /* README.md */ = {isa = PBXFileReference; lastKnownFileType = net.daringfireball.markdown; path = README.md; sourceTree = "<group>"; };
		099F6A7C1F19C94C00E2EEFF /* XibView.app */ = {isa = PBXFileReference; explicitFileType = wrapper.application; includeInIndex = 0; path = XibView.app; sourceTree = BUILT_PRODUCTS_DIR; };
		099F6A7F1F19C94C00E2EEFF /* AppDelegate.swift */ = {isa = PBXFileReference; lastKnownFileType = sourcecode.swift; path = AppDelegate.swift; sourceTree = "<group>"; };
		099F6A811F19C94C00E2EEFF /* ViewController.swift */ = {isa = PBXFileReference; lastKnownFileType = sourcecode.swift; path = ViewController.swift; sourceTree = "<group>"; };
		099F6A841F19C94C00E2EEFF /* Base */ = {isa = PBXFileReference; lastKnownFileType = file.storyboard; name = Base; path = Base.lproj/Main.storyboard; sourceTree = "<group>"; };
		099F6A861F19C94C00E2EEFF /* Assets.xcassets */ = {isa = PBXFileReference; lastKnownFileType = folder.assetcatalog; path = Assets.xcassets; sourceTree = "<group>"; };
		099F6A891F19C94C00E2EEFF /* Base */ = {isa = PBXFileReference; lastKnownFileType = file.storyboard; name = Base; path = Base.lproj/LaunchScreen.storyboard; sourceTree = "<group>"; };
		099F6A8B1F19C94C00E2EEFF /* Info.plist */ = {isa = PBXFileReference; lastKnownFileType = text.plist.xml; path = Info.plist; sourceTree = "<group>"; };
		099F6A9E1F19CA4200E2EEFF /* UIXibView.framework */ = {isa = PBXFileReference; explicitFileType = wrapper.framework; includeInIndex = 0; path = UIXibView.framework; sourceTree = BUILT_PRODUCTS_DIR; };
		099F6AA01F19CA4200E2EEFF /* UIXibView.h */ = {isa = PBXFileReference; lastKnownFileType = sourcecode.c.h; path = UIXibView.h; sourceTree = "<group>"; };
		099F6AA11F19CA4200E2EEFF /* Info.plist */ = {isa = PBXFileReference; lastKnownFileType = text.plist.xml; path = Info.plist; sourceTree = "<group>"; };
		09C8CA2B1F19CF8500E28FC6 /* UIKit.framework */ = {isa = PBXFileReference; lastKnownFileType = wrapper.framework; name = UIKit.framework; path = System/Library/Frameworks/UIKit.framework; sourceTree = SDKROOT; };
/* End PBXFileReference section */

/* Begin PBXFrameworksBuildPhase section */
		099F6A791F19C94C00E2EEFF /* Frameworks */ = {
			isa = PBXFrameworksBuildPhase;
			buildActionMask = 2147483647;
			files = (
				099F6AA51F19CA4200E2EEFF /* UIXibView.framework in Frameworks */,
			);
			runOnlyForDeploymentPostprocessing = 0;
		};
		099F6A9A1F19CA4200E2EEFF /* Frameworks */ = {
			isa = PBXFrameworksBuildPhase;
			buildActionMask = 2147483647;
			files = (
				09C8CA2C1F19CF8C00E28FC6 /* UIKit.framework in Frameworks */,
			);
			runOnlyForDeploymentPostprocessing = 0;
		};
/* End PBXFrameworksBuildPhase section */

/* Begin PBXGroup section */
		0936E7EE1F2328C200EFDD66 /* DummyViewDifferentFilename */ = {
			isa = PBXGroup;
			children = (
				0936E7E61F23284600EFDD66 /* AnotherDummyView.swift */,
				0936E7E81F23285A00EFDD66 /* ArbitraryName.xib */,
			);
			path = DummyViewDifferentFilename;
			sourceTree = "<group>";
		};
		099F6A731F19C94C00E2EEFF = {
			isa = PBXGroup;
			children = (
				099C19EE1F19CCAF00DBA7EE /* README.md */,
				099F6A7E1F19C94C00E2EEFF /* XibView */,
				099F6A9F1F19CA4200E2EEFF /* UIXibView */,
				099F6A7D1F19C94C00E2EEFF /* Products */,
				09C8CA2A1F19CF8500E28FC6 /* Frameworks */,
			);
			sourceTree = "<group>";
		};
		099F6A7D1F19C94C00E2EEFF /* Products */ = {
			isa = PBXGroup;
			children = (
				099F6A7C1F19C94C00E2EEFF /* XibView.app */,
				099F6A9E1F19CA4200E2EEFF /* UIXibView.framework */,
			);
			name = Products;
			sourceTree = "<group>";
		};
		099F6A7E1F19C94C00E2EEFF /* XibView */ = {
			isa = PBXGroup;
			children = (
				099F6A7F1F19C94C00E2EEFF /* AppDelegate.swift */,
				099F6A811F19C94C00E2EEFF /* ViewController.swift */,
				099F6A831F19C94C00E2EEFF /* Main.storyboard */,
				099F6A861F19C94C00E2EEFF /* Assets.xcassets */,
				099F6A881F19C94C00E2EEFF /* LaunchScreen.storyboard */,
				099F6A8B1F19C94C00E2EEFF /* Info.plist */,
				099F6A941F19C9A600E2EEFF /* DummyView */,
				0936E7EE1F2328C200EFDD66 /* DummyViewDifferentFilename */,
			);
			path = XibView;
			sourceTree = "<group>";
		};
		099F6A941F19C9A600E2EEFF /* DummyView */ = {
			isa = PBXGroup;
			children = (
				0936E7F01F2328FA00EFDD66 /* DummyView.swift */,
				0936E7EF1F2328F900EFDD66 /* DummyView.xib */,
			);
			name = DummyView;
			sourceTree = "<group>";
		};
		099F6A9F1F19CA4200E2EEFF /* UIXibView */ = {
			isa = PBXGroup;
			children = (
				099F6AA01F19CA4200E2EEFF /* UIXibView.h */,
				099F6AA11F19CA4200E2EEFF /* Info.plist */,
				0936E7EC1F23289900EFDD66 /* UIXibView.swift */,
			);
			path = UIXibView;
			sourceTree = "<group>";
		};
		09C8CA2A1F19CF8500E28FC6 /* Frameworks */ = {
			isa = PBXGroup;
			children = (
				09C8CA2B1F19CF8500E28FC6 /* UIKit.framework */,
			);
			name = Frameworks;
			sourceTree = "<group>";
		};
/* End PBXGroup section */

/* Begin PBXHeadersBuildPhase section */
		099F6A9B1F19CA4200E2EEFF /* Headers */ = {
			isa = PBXHeadersBuildPhase;
			buildActionMask = 2147483647;
			files = (
				099F6AA21F19CA4200E2EEFF /* UIXibView.h in Headers */,
			);
			runOnlyForDeploymentPostprocessing = 0;
		};
/* End PBXHeadersBuildPhase section */

/* Begin PBXNativeTarget section */
		099F6A7B1F19C94C00E2EEFF /* XibView */ = {
			isa = PBXNativeTarget;
			buildConfigurationList = 099F6A8E1F19C94C00E2EEFF /* Build configuration list for PBXNativeTarget "XibView" */;
			buildPhases = (
				099F6A781F19C94C00E2EEFF /* Sources */,
				099F6A791F19C94C00E2EEFF /* Frameworks */,
				099F6A7A1F19C94C00E2EEFF /* Resources */,
				099F6AAA1F19CA4200E2EEFF /* Embed Frameworks */,
			);
			buildRules = (
			);
			dependencies = (
				099F6AA41F19CA4200E2EEFF /* PBXTargetDependency */,
			);
			name = XibView;
			productName = XibView;
			productReference = 099F6A7C1F19C94C00E2EEFF /* XibView.app */;
			productType = "com.apple.product-type.application";
		};
		099F6A9D1F19CA4200E2EEFF /* UIXibView */ = {
			isa = PBXNativeTarget;
			buildConfigurationList = 099F6AA71F19CA4200E2EEFF /* Build configuration list for PBXNativeTarget "UIXibView" */;
			buildPhases = (
				099F6A991F19CA4200E2EEFF /* Sources */,
				099F6A9A1F19CA4200E2EEFF /* Frameworks */,
				099F6A9B1F19CA4200E2EEFF /* Headers */,
				099F6A9C1F19CA4200E2EEFF /* Resources */,
			);
			buildRules = (
			);
			dependencies = (
			);
			name = UIXibView;
			productName = UIXibView;
			productReference = 099F6A9E1F19CA4200E2EEFF /* UIXibView.framework */;
			productType = "com.apple.product-type.framework";
		};
/* End PBXNativeTarget section */

/* Begin PBXProject section */
		099F6A741F19C94C00E2EEFF /* Project object */ = {
			isa = PBXProject;
			attributes = {
				LastSwiftUpdateCheck = 0900;
				LastUpgradeCheck = 0900;
				ORGANIZATIONNAME = "CK Software";
				TargetAttributes = {
					099F6A7B1F19C94C00E2EEFF = {
						CreatedOnToolsVersion = 9.0;
					};
					099F6A9D1F19CA4200E2EEFF = {
						CreatedOnToolsVersion = 9.0;
						LastSwiftMigration = 0900;
					};
				};
			};
			buildConfigurationList = 099F6A771F19C94C00E2EEFF /* Build configuration list for PBXProject "XibView" */;
			compatibilityVersion = "Xcode 8.0";
			developmentRegion = en;
			hasScannedForEncodings = 0;
			knownRegions = (
				en,
				Base,
			);
			mainGroup = 099F6A731F19C94C00E2EEFF;
			productRefGroup = 099F6A7D1F19C94C00E2EEFF /* Products */;
			projectDirPath = "";
			projectRoot = "";
			targets = (
				099F6A7B1F19C94C00E2EEFF /* XibView */,
				099F6A9D1F19CA4200E2EEFF /* UIXibView */,
			);
		};
/* End PBXProject section */

/* Begin PBXResourcesBuildPhase section */
		099F6A7A1F19C94C00E2EEFF /* Resources */ = {
			isa = PBXResourcesBuildPhase;
			buildActionMask = 2147483647;
			files = (
				0936E7F21F23291C00EFDD66 /* DummyView.xib in Resources */,
				0936E7E91F23285A00EFDD66 /* ArbitraryName.xib in Resources */,
				099F6A8A1F19C94C00E2EEFF /* LaunchScreen.storyboard in Resources */,
				099F6A871F19C94C00E2EEFF /* Assets.xcassets in Resources */,
				099F6A851F19C94C00E2EEFF /* Main.storyboard in Resources */,
			);
			runOnlyForDeploymentPostprocessing = 0;
		};
		099F6A9C1F19CA4200E2EEFF /* Resources */ = {
			isa = PBXResourcesBuildPhase;
			buildActionMask = 2147483647;
			files = (
			);
			runOnlyForDeploymentPostprocessing = 0;
		};
/* End PBXResourcesBuildPhase section */

/* Begin PBXSourcesBuildPhase section */
		099F6A781F19C94C00E2EEFF /* Sources */ = {
			isa = PBXSourcesBuildPhase;
			buildActionMask = 2147483647;
			files = (
				0936E7F11F23291300EFDD66 /* DummyView.swift in Sources */,
				0936E7E71F23284600EFDD66 /* AnotherDummyView.swift in Sources */,
				099F6A821F19C94C00E2EEFF /* ViewController.swift in Sources */,
				099F6A801F19C94C00E2EEFF /* AppDelegate.swift in Sources */,
			);
			runOnlyForDeploymentPostprocessing = 0;
		};
		099F6A991F19CA4200E2EEFF /* Sources */ = {
			isa = PBXSourcesBuildPhase;
			buildActionMask = 2147483647;
			files = (
				0936E7ED1F2328B100EFDD66 /* UIXibView.swift in Sources */,
			);
			runOnlyForDeploymentPostprocessing = 0;
		};
/* End PBXSourcesBuildPhase section */

/* Begin PBXTargetDependency section */
		099F6AA41F19CA4200E2EEFF /* PBXTargetDependency */ = {
			isa = PBXTargetDependency;
			target = 099F6A9D1F19CA4200E2EEFF /* UIXibView */;
			targetProxy = 099F6AA31F19CA4200E2EEFF /* PBXContainerItemProxy */;
		};
/* End PBXTargetDependency section */

/* Begin PBXVariantGroup section */
		099F6A831F19C94C00E2EEFF /* Main.storyboard */ = {
			isa = PBXVariantGroup;
			children = (
				099F6A841F19C94C00E2EEFF /* Base */,
			);
			name = Main.storyboard;
			sourceTree = "<group>";
		};
		099F6A881F19C94C00E2EEFF /* LaunchScreen.storyboard */ = {
			isa = PBXVariantGroup;
			children = (
				099F6A891F19C94C00E2EEFF /* Base */,
			);
			name = LaunchScreen.storyboard;
			sourceTree = "<group>";
		};
/* End PBXVariantGroup section */

/* Begin XCBuildConfiguration section */
		099F6A8C1F19C94C00E2EEFF /* Debug */ = {
			isa = XCBuildConfiguration;
			buildSettings = {
				ALWAYS_SEARCH_USER_PATHS = NO;
				CLANG_ANALYZER_NONNULL = YES;
				CLANG_ANALYZER_NUMBER_OBJECT_CONVERSION = YES_AGGRESSIVE;
				CLANG_CXX_LANGUAGE_STANDARD = "gnu++14";
				CLANG_CXX_LIBRARY = "libc++";
				CLANG_ENABLE_MODULES = YES;
				CLANG_ENABLE_OBJC_ARC = YES;
				CLANG_WARN_BLOCK_CAPTURE_AUTORELEASING = YES;
				CLANG_WARN_BOOL_CONVERSION = YES;
				CLANG_WARN_COMMA = YES;
				CLANG_WARN_CONSTANT_CONVERSION = YES;
				CLANG_WARN_DIRECT_OBJC_ISA_USAGE = YES_ERROR;
				CLANG_WARN_DOCUMENTATION_COMMENTS = YES;
				CLANG_WARN_EMPTY_BODY = YES;
				CLANG_WARN_ENUM_CONVERSION = YES;
				CLANG_WARN_INFINITE_RECURSION = YES;
				CLANG_WARN_INT_CONVERSION = YES;
				CLANG_WARN_OBJC_ROOT_CLASS = YES_ERROR;
				CLANG_WARN_RANGE_LOOP_ANALYSIS = YES;
				CLANG_WARN_STRICT_PROTOTYPES = YES;
				CLANG_WARN_SUSPICIOUS_MOVE = YES;
				CLANG_WARN_UNGUARDED_AVAILABILITY = YES_AGGRESSIVE;
				CLANG_WARN_UNREACHABLE_CODE = YES;
				CLANG_WARN__DUPLICATE_METHOD_MATCH = YES;
				CODE_SIGN_IDENTITY = "iPhone Developer";
				COPY_PHASE_STRIP = NO;
				DEBUG_INFORMATION_FORMAT = dwarf;
				ENABLE_STRICT_OBJC_MSGSEND = YES;
				ENABLE_TESTABILITY = YES;
				GCC_C_LANGUAGE_STANDARD = gnu11;
				GCC_DYNAMIC_NO_PIC = NO;
				GCC_NO_COMMON_BLOCKS = YES;
				GCC_OPTIMIZATION_LEVEL = 0;
				GCC_PREPROCESSOR_DEFINITIONS = (
					"DEBUG=1",
					"$(inherited)",
				);
				GCC_WARN_64_TO_32_BIT_CONVERSION = YES;
				GCC_WARN_ABOUT_RETURN_TYPE = YES_ERROR;
				GCC_WARN_UNDECLARED_SELECTOR = YES;
				GCC_WARN_UNINITIALIZED_AUTOS = YES_AGGRESSIVE;
				GCC_WARN_UNUSED_FUNCTION = YES;
				GCC_WARN_UNUSED_VARIABLE = YES;
				IPHONEOS_DEPLOYMENT_TARGET = 11.0;
				MTL_ENABLE_DEBUG_INFO = YES;
				ONLY_ACTIVE_ARCH = YES;
				SDKROOT = iphoneos;
				SWIFT_ACTIVE_COMPILATION_CONDITIONS = DEBUG;
				SWIFT_OPTIMIZATION_LEVEL = "-Onone";
			};
			name = Debug;
		};
		099F6A8D1F19C94C00E2EEFF /* Release */ = {
			isa = XCBuildConfiguration;
			buildSettings = {
				ALWAYS_SEARCH_USER_PATHS = NO;
				CLANG_ANALYZER_NONNULL = YES;
				CLANG_ANALYZER_NUMBER_OBJECT_CONVERSION = YES_AGGRESSIVE;
				CLANG_CXX_LANGUAGE_STANDARD = "gnu++14";
				CLANG_CXX_LIBRARY = "libc++";
				CLANG_ENABLE_MODULES = YES;
				CLANG_ENABLE_OBJC_ARC = YES;
				CLANG_WARN_BLOCK_CAPTURE_AUTORELEASING = YES;
				CLANG_WARN_BOOL_CONVERSION = YES;
				CLANG_WARN_COMMA = YES;
				CLANG_WARN_CONSTANT_CONVERSION = YES;
				CLANG_WARN_DIRECT_OBJC_ISA_USAGE = YES_ERROR;
				CLANG_WARN_DOCUMENTATION_COMMENTS = YES;
				CLANG_WARN_EMPTY_BODY = YES;
				CLANG_WARN_ENUM_CONVERSION = YES;
				CLANG_WARN_INFINITE_RECURSION = YES;
				CLANG_WARN_INT_CONVERSION = YES;
				CLANG_WARN_OBJC_ROOT_CLASS = YES_ERROR;
				CLANG_WARN_RANGE_LOOP_ANALYSIS = YES;
				CLANG_WARN_STRICT_PROTOTYPES = YES;
				CLANG_WARN_SUSPICIOUS_MOVE = YES;
				CLANG_WARN_UNGUARDED_AVAILABILITY = YES_AGGRESSIVE;
				CLANG_WARN_UNREACHABLE_CODE = YES;
				CLANG_WARN__DUPLICATE_METHOD_MATCH = YES;
				CODE_SIGN_IDENTITY = "iPhone Developer";
				COPY_PHASE_STRIP = NO;
				DEBUG_INFORMATION_FORMAT = "dwarf-with-dsym";
				ENABLE_NS_ASSERTIONS = NO;
				ENABLE_STRICT_OBJC_MSGSEND = YES;
				GCC_C_LANGUAGE_STANDARD = gnu11;
				GCC_NO_COMMON_BLOCKS = YES;
				GCC_WARN_64_TO_32_BIT_CONVERSION = YES;
				GCC_WARN_ABOUT_RETURN_TYPE = YES_ERROR;
				GCC_WARN_UNDECLARED_SELECTOR = YES;
				GCC_WARN_UNINITIALIZED_AUTOS = YES_AGGRESSIVE;
				GCC_WARN_UNUSED_FUNCTION = YES;
				GCC_WARN_UNUSED_VARIABLE = YES;
				IPHONEOS_DEPLOYMENT_TARGET = 11.0;
				MTL_ENABLE_DEBUG_INFO = NO;
				SDKROOT = iphoneos;
				SWIFT_OPTIMIZATION_LEVEL = "-Owholemodule";
				VALIDATE_PRODUCT = YES;
			};
			name = Release;
		};
		099F6A8F1F19C94C00E2EEFF /* Debug */ = {
			isa = XCBuildConfiguration;
			buildSettings = {
				ALWAYS_EMBED_SWIFT_STANDARD_LIBRARIES = YES;
				ASSETCATALOG_COMPILER_APPICON_NAME = AppIcon;
				DEVELOPMENT_TEAM = YLBWSHF35Z;
				INFOPLIST_FILE = XibView/Info.plist;
				IPHONEOS_DEPLOYMENT_TARGET = 10.0;
				LD_RUNPATH_SEARCH_PATHS = "$(inherited) @executable_path/Frameworks";
				PRODUCT_BUNDLE_IDENTIFIER = com.cksoftware.3Ring.XibView;
				PRODUCT_NAME = "$(TARGET_NAME)";
				SWIFT_VERSION = 3.0;
				TARGETED_DEVICE_FAMILY = "1,2";
			};
			name = Debug;
		};
		099F6A901F19C94C00E2EEFF /* Release */ = {
			isa = XCBuildConfiguration;
			buildSettings = {
				ALWAYS_EMBED_SWIFT_STANDARD_LIBRARIES = YES;
				ASSETCATALOG_COMPILER_APPICON_NAME = AppIcon;
				DEVELOPMENT_TEAM = YLBWSHF35Z;
				INFOPLIST_FILE = XibView/Info.plist;
				IPHONEOS_DEPLOYMENT_TARGET = 10.0;
				LD_RUNPATH_SEARCH_PATHS = "$(inherited) @executable_path/Frameworks";
				PRODUCT_BUNDLE_IDENTIFIER = com.cksoftware.3Ring.XibView;
				PRODUCT_NAME = "$(TARGET_NAME)";
				SWIFT_VERSION = 3.0;
				TARGETED_DEVICE_FAMILY = "1,2";
			};
			name = Release;
		};
		099F6AA81F19CA4200E2EEFF /* Debug */ = {
			isa = XCBuildConfiguration;
			buildSettings = {
				CLANG_ENABLE_MODULES = YES;
				CODE_SIGN_IDENTITY = "";
				CURRENT_PROJECT_VERSION = 1;
				DEFINES_MODULE = YES;
				DEVELOPMENT_TEAM = YLBWSHF35Z;
				DYLIB_COMPATIBILITY_VERSION = 1;
				DYLIB_CURRENT_VERSION = 1;
				DYLIB_INSTALL_NAME_BASE = "@rpath";
				INFOPLIST_FILE = UIXibView/Info.plist;
				INSTALL_PATH = "$(LOCAL_LIBRARY_DIR)/Frameworks";
				IPHONEOS_DEPLOYMENT_TARGET = 10.0;
				LD_RUNPATH_SEARCH_PATHS = "$(inherited) @executable_path/Frameworks @loader_path/Frameworks";
				PRODUCT_BUNDLE_IDENTIFIER = com.cksoftware.3Ring.UIXibView;
				PRODUCT_NAME = "$(TARGET_NAME:c99extidentifier)";
				SKIP_INSTALL = YES;
				SWIFT_OPTIMIZATION_LEVEL = "-Onone";
				SWIFT_VERSION = 3.0;
				TARGETED_DEVICE_FAMILY = "1,2";
				VERSIONING_SYSTEM = "apple-generic";
				VERSION_INFO_PREFIX = "";
			};
			name = Debug;
		};
		099F6AA91F19CA4200E2EEFF /* Release */ = {
			isa = XCBuildConfiguration;
			buildSettings = {
				CLANG_ENABLE_MODULES = YES;
				CODE_SIGN_IDENTITY = "";
				CURRENT_PROJECT_VERSION = 1;
				DEFINES_MODULE = YES;
				DEVELOPMENT_TEAM = YLBWSHF35Z;
				DYLIB_COMPATIBILITY_VERSION = 1;
				DYLIB_CURRENT_VERSION = 1;
				DYLIB_INSTALL_NAME_BASE = "@rpath";
				INFOPLIST_FILE = UIXibView/Info.plist;
				INSTALL_PATH = "$(LOCAL_LIBRARY_DIR)/Frameworks";
				IPHONEOS_DEPLOYMENT_TARGET = 10.0;
				LD_RUNPATH_SEARCH_PATHS = "$(inherited) @executable_path/Frameworks @loader_path/Frameworks";
				PRODUCT_BUNDLE_IDENTIFIER = com.cksoftware.3Ring.UIXibView;
				PRODUCT_NAME = "$(TARGET_NAME:c99extidentifier)";
				SKIP_INSTALL = YES;
				SWIFT_VERSION = 3.0;
				TARGETED_DEVICE_FAMILY = "1,2";
				VERSIONING_SYSTEM = "apple-generic";
				VERSION_INFO_PREFIX = "";
			};
			name = Release;
		};
/* End XCBuildConfiguration section */

/* Begin XCConfigurationList section */
		099F6A771F19C94C00E2EEFF /* Build configuration list for PBXProject "XibView" */ = {
			isa = XCConfigurationList;
			buildConfigurations = (
				099F6A8C1F19C94C00E2EEFF /* Debug */,
				099F6A8D1F19C94C00E2EEFF /* Release */,
			);
			defaultConfigurationIsVisible = 0;
			defaultConfigurationName = Release;
		};
		099F6A8E1F19C94C00E2EEFF /* Build configuration list for PBXNativeTarget "XibView" */ = {
			isa = XCConfigurationList;
			buildConfigurations = (
				099F6A8F1F19C94C00E2EEFF /* Debug */,
				099F6A901F19C94C00E2EEFF /* Release */,
			);
			defaultConfigurationIsVisible = 0;
			defaultConfigurationName = Release;
		};
		099F6AA71F19CA4200E2EEFF /* Build configuration list for PBXNativeTarget "UIXibView" */ = {
			isa = XCConfigurationList;
			buildConfigurations = (
				099F6AA81F19CA4200E2EEFF /* Debug */,
				099F6AA91F19CA4200E2EEFF /* Release */,
			);
			defaultConfigurationIsVisible = 0;
			defaultConfigurationName = Release;
		};
/* End XCConfigurationList section */
	};
	rootObject = 099F6A741F19C94C00E2EEFF /* Project object */;
}
